{
  "version": 4,
  "terraform_version": "1.12.2",
  "serial": 125,
  "lineage": "9f656aec-4ba4-8cad-2150-eb88c4d53ef2",
  "outputs": {
    "flask_app_external_ip": {
      "value": "34.40.164.185",
      "type": "string"
    },
    "pubsub_subscription_id": {
      "value": "projects/true-area-464010-j9/subscriptions/iaac-topic-sub",
      "type": "string"
    },
    "pubsub_topic_id": {
      "value": "projects/true-area-464010-j9/topics/iaac-topic",
      "type": "string"
    }
  },
  "resources": [
    {
      "mode": "managed",
      "type": "google_compute_firewall",
      "name": "flask_app_allow_http",
      "provider": "provider[\"registry.terraform.io/hashicorp/google\"]",
      "instances": [
        {
          "schema_version": 1,
          "attributes": {
            "allow": [
              {
                "ports": [
                  "5000"
                ],
                "protocol": "tcp"
              }
            ],
            "creation_timestamp": "2025-07-06T08:33:57.011-07:00",
            "deny": [],
            "description": "",
            "destination_ranges": [],
            "direction": "INGRESS",
            "disabled": false,
            "enable_logging": null,
            "id": "projects/true-area-464010-j9/global/firewalls/flask-app-allow-http",
            "log_config": [],
            "name": "flask-app-allow-http",
            "network": "https://www.googleapis.com/compute/v1/projects/true-area-464010-j9/global/networks/default",
            "priority": 1000,
            "project": "true-area-464010-j9",
            "self_link": "https://www.googleapis.com/compute/v1/projects/true-area-464010-j9/global/firewalls/flask-app-allow-http",
            "source_ranges": [
              "0.0.0.0/0"
            ],
            "source_service_accounts": null,
            "source_tags": null,
            "target_service_accounts": null,
            "target_tags": [
              "flask-app"
            ],
            "timeouts": null
          },
          "sensitive_attributes": [],
          "identity_schema_version": 0,
          "private": "eyJlMmJmYjczMC1lY2FhLTExZTYtOGY4OC0zNDM2M2JjN2M0YzAiOnsiY3JlYXRlIjoxMjAwMDAwMDAwMDAwLCJkZWxldGUiOjEyMDAwMDAwMDAwMDAsInVwZGF0ZSI6MTIwMDAwMDAwMDAwMH0sInNjaGVtYV92ZXJzaW9uIjoiMSJ9"
        }
      ]
    },
    {
      "mode": "managed",
      "type": "google_compute_instance",
      "name": "flask_app",
      "provider": "provider[\"registry.terraform.io/hashicorp/google\"]",
      "instances": [
        {
          "schema_version": 6,
          "attributes": {
            "advanced_machine_features": [],
            "allow_stopping_for_update": null,
            "attached_disk": [],
            "boot_disk": [
              {
                "auto_delete": true,
                "device_name": "persistent-disk-0",
                "disk_encryption_key_raw": "",
                "disk_encryption_key_rsa": "",
                "disk_encryption_key_sha256": "",
                "disk_encryption_service_account": "",
                "force_attach": false,
                "guest_os_features": [
                  "UEFI_COMPATIBLE",
                  "VIRTIO_SCSI_MULTIQUEUE",
                  "GVNIC"
                ],
                "initialize_params": [
                  {
                    "architecture": "X86_64",
                    "enable_confidential_compute": false,
                    "image": "https://www.googleapis.com/compute/v1/projects/debian-cloud/global/images/debian-11-bullseye-v20250610",
                    "labels": {},
                    "provisioned_iops": 0,
                    "provisioned_throughput": 0,
                    "resource_manager_tags": null,
                    "resource_policies": [],
                    "size": 10,
                    "snapshot": "",
                    "source_image_encryption_key": [],
                    "source_snapshot_encryption_key": [],
                    "storage_pool": "",
                    "type": "pd-standard"
                  }
                ],
                "interface": "",
                "kms_key_self_link": "",
                "mode": "READ_WRITE",
                "source": "https://www.googleapis.com/compute/v1/projects/true-area-464010-j9/zones/australia-southeast1-b/disks/flask-weather-app"
              }
            ],
            "can_ip_forward": false,
            "confidential_instance_config": [],
            "cpu_platform": "Intel Broadwell",
            "creation_timestamp": "2025-07-06T08:34:03.336-07:00",
            "current_status": "RUNNING",
            "deletion_protection": false,
            "description": "",
            "desired_status": null,
            "effective_labels": {
              "goog-terraform-provisioned": "true"
            },
            "enable_display": false,
            "guest_accelerator": [],
            "hostname": "",
            "id": "projects/true-area-464010-j9/zones/australia-southeast1-b/instances/flask-weather-app",
            "instance_encryption_key": [],
            "instance_id": "7857751462620113286",
            "key_revocation_action_type": "",
            "label_fingerprint": "vezUS-42LLM=",
            "labels": null,
            "machine_type": "e2-medium",
            "metadata": {
              "GCP_PROJECT_ID": "true-area-464010-j9",
              "GOOGLE_CREDENTIALS": "{\n  \"type\": \"service_account\",\n  \"project_id\": \"true-area-464010-j9\",\n  \"private_key_id\": \"670d93d05dcd092ec2428d366b8a6e462ef2296a\",\n  \"private_key\": \"-----BEGIN PRIVATE KEY-----\\nMIIEvgIBADANBgkqhkiG9w0BAQEFAASCBKgwggSkAgEAAoIBAQCqlYEXXbQVFpCA\\nZux8wzYlzW8SIRUThdmQw7CHyqJVaPs2m4rVXPpr5g9exCl+iitDY3tG3gzTe4ui\\nEsIf6tbJaKw/7nddxr8mk9jze5xew4dQwoMPqfCC/3VYaefpseG4YMCji4sQ+Ooo\\n9iIRntZouwSDuFlEOtKCUOnhOLFJNbz4v/gBun8pIK0ajACNeCwg7h9fpbuiIwZ5\\n2oQ71u8F7fFpUHj0qqRw5D9+lFsE+eFibmbMlBt4Eh8LXaoImoy7dYqOFY9SBi0e\\nRW1RtVfpHLq8LhR1S+eQTAAu5B7x0AA5Qgh9uIYSUwbbA74o6BoUSt6Th81nmReO\\nO646UH27AgMBAAECggEAF8a8NjQ1WYsfm7C83axH69T1L6MKJlfNuhkh4zYh56MO\\nViTaoQqooklwHawHLJVi762kt9KoxFbAC63EU7aOjDGEG2py8NCMQXryDl34Wa0J\\n5f52o27zEGSS8pPbDf5hO9XLLqsl4w5kH6QkSNh0LNIvED0DFDjZW+3zQL/U1iM7\\nZ8jRIt2Cp0PaalESRcCwgnUsxB+u+nD/8V/wWosaJ8IRacFueMRcHAasD/iH5TnL\\nr13dEJuutdDkhOA6qI0SU/VGNzdvRdySb7h0y4Q/vY7qDmox1wgQTkvb8iIGp9b8\\nu3rlDch0qvqvoAFLRPiRGdlFzXx+hQ+5lsJgnGEIgQKBgQDp4r2wdIx6VkVAni/p\\nB9mlGCsQex7by32c1unqBdFxFZybcPZwpslbXo08a3XAb1SfAkSBecnCd7ojUMN4\\nXYpTiMFFEJrx0bNLgwjYeJtd4FCpIZNBor2wXsp4TtSjpFTr9JqD+Z8HkahcsIvS\\nQZxkin2EfHsg2b/xdIQlA9NrywKBgQC6tofNe6fBNJNogF9Th1RwwAlKyusBVZTx\\nGW7tsZJFP3RQ0YXIWGmv5O+dlkw7gvO9zZFQpXZULShZlQcYDNKP71fNarZB9CC6\\nBtjCn4b/Glwg7Ke+zAAXQNvu1vZi7LErlzVFuIUw+3jbQ+O1LCFG8Ige+SEJ7XHB\\nXVoP18rX0QKBgQCXz7hGj/Aa/GJpJgR9Ir5P3hcd1HzcOAJpykn8wBgJafjEIJel\\n2Wy7pOzR+gJtjRYFPCiRTib61lH42FR4jWba/9pLZRLdwbq6Wexk7iwSzCYvEf8O\\nTH8Juw1699gn++OvYI7m+SETfaUlvOaU7EeCLy53z4DwesaPCI05pXkW7wKBgQCb\\n8yd8vsLAQjy5NTfp2Yfy4MMiIFindacAteCMUhu9ESIC+u4GB6rGyq5E7qtfraIO\\nL2wncvxhlJI2OJ6DPPqGVD//CBmQ/upy1pMoA/zKiGbY7TGy0EtnILpSRGPo/o+A\\nvDw3rsY4wmIQqiTAR0rIKNFZJXauBxBTlLhLsU7wcQKBgF3+JO3LUcVhdxAJmZr1\\nX9APYxcSTNMomw2Dp0ZQkW7UZbVuPQNIf3a128OdQ40TL2pUXL78bKmh/UISOFDS\\nYYVjM/nj6yf9wKe+de9Qoy4/LC1KjC5cbvRWDlN7quTQUtlbfh7aN5V5LomgRFqn\\nTqH/mu70eMayoQMCfqKFPHme\\n-----END PRIVATE KEY-----\\n\",\n  \"client_email\": \"abdulrauf@true-area-464010-j9.iam.gserviceaccount.com\",\n  \"client_id\": \"117577111047587804284\",\n  \"auth_uri\": \"https://accounts.google.com/o/oauth2/auth\",\n  \"token_uri\": \"https://oauth2.googleapis.com/token\",\n  \"auth_provider_x509_cert_url\": \"https://www.googleapis.com/oauth2/v1/certs\",\n  \"client_x509_cert_url\": \"https://www.googleapis.com/robot/v1/metadata/x509/abdulrauf%40true-area-464010-j9.iam.gserviceaccount.com\",\n  \"universe_domain\": \"googleapis.com\"\n}\n",
              "PUBSUB_TOPIC_ID": "iaac-topic",
              "WEATHER_API_KEY": "169a2c7b9ceb47849d2175634253006"
            },
            "metadata_fingerprint": "O7Z-Iq5PPHs=",
            "metadata_startup_script": "#!/bin/bash\n\n    # Create credentials directory\n    mkdir -p /etc/gcp\n    sudo apt-get update \u0026\u0026 sudo apt-get install -y git\n    git clone https://github.com/AbdulRauf-Sidd/PUB-SUB-Terraform.git /opt/flask-app\n    touch gitcloned.txt\n\n    # Write service account key to file from metadata\n    export WEATHER_API_KEY=$(curl -s -H \"Metadata-Flavor: Google\" \\\n    \"http://metadata.google.internal/computeMetadata/v1/instance/attributes/WEATHER_API_KEY\")\n    export GCP_PROJECT_ID=$(curl -s -H \"Metadata-Flavor: Google\" \\\n    \"http://metadata.google.internal/computeMetadata/v1/instance/attributes/GCP_PROJECT_ID\")\n    export PUBSUB_TOPIC_ID=$(curl -s -H \"Metadata-Flavor: Google\" \\\n    \"http://metadata.google.internal/computeMetadata/v1/instance/attributes/PUBSUB_TOPIC_ID\")\n    export GOOGLE_CREDENTIALS=$(curl -s -H \"Metadata-Flavor: Google\" \\\n    \"http://metadata.google.internal/computeMetadata/v1/instance/attributes/GOOGLE_CREDENTIALS\")\n    touch metadata.txt\n\n\n    echo \"$GOOGLE_CREDENTIALS\" \u003e /etc/gcp/key.json\n    export GOOGLE_APPLICATION_CREDENTIALS=\"/etc/gcp/key.json\"\n    touch googleapplicationcredentials.txt\n\n    # Write .env file\n    cat \u003c\u003cEOF \u003e /opt/flask-app/.env\n    WEATHER_API_KEY=\"$${WEATHER_API_KEY}\"\n    GCP_PROJECT_ID=\"$${GCP_PROJECT_ID}\"\n    PUBSUB_TOPIC_ID=\"$${PUBSUB_TOPIC_ID}\"\n    EOF\n    touch envfile.txt\n    \n    # Clone and start app\n    cd /opt/flask-app\n    # sudo apt-get update\n    touch aptupdated.txt\n    sudo apt-get install -y python3-pip\n    touch pipinstalled.txt\n    pip install -r requirements.txt\n    touch requirementsinstalled.txt\n    nohup python3 app.py \u0026\n    touch appstarted.txt",
            "min_cpu_platform": "",
            "name": "flask-weather-app",
            "network_interface": [
              {
                "access_config": [
                  {
                    "nat_ip": "34.40.164.185",
                    "network_tier": "PREMIUM",
                    "public_ptr_domain_name": ""
                  }
                ],
                "alias_ip_range": [],
                "internal_ipv6_prefix_length": 0,
                "ipv6_access_config": [],
                "ipv6_access_type": "",
                "ipv6_address": "",
                "name": "nic0",
                "network": "https://www.googleapis.com/compute/v1/projects/true-area-464010-j9/global/networks/default",
                "network_attachment": "",
                "network_ip": "10.152.0.15",
                "nic_type": "",
                "queue_count": 0,
                "stack_type": "IPV4_ONLY",
                "subnetwork": "https://www.googleapis.com/compute/v1/projects/true-area-464010-j9/regions/australia-southeast1/subnetworks/default",
                "subnetwork_project": "true-area-464010-j9"
              }
            ],
            "network_performance_config": [],
            "params": [],
            "project": "true-area-464010-j9",
            "reservation_affinity": [],
            "resource_policies": null,
            "scheduling": [
              {
                "automatic_restart": true,
                "availability_domain": 0,
                "instance_termination_action": "",
                "local_ssd_recovery_timeout": [],
                "max_run_duration": [],
                "min_node_cpus": 0,
                "node_affinities": [],
                "on_host_maintenance": "MIGRATE",
                "on_instance_stop_action": [],
                "preemptible": false,
                "provisioning_model": "STANDARD",
                "termination_time": ""
              }
            ],
            "scratch_disk": [],
            "self_link": "https://www.googleapis.com/compute/v1/projects/true-area-464010-j9/zones/australia-southeast1-b/instances/flask-weather-app",
            "service_account": [
              {
                "email": "abdulrauf@true-area-464010-j9.iam.gserviceaccount.com",
                "scopes": [
                  "https://www.googleapis.com/auth/cloud-platform"
                ]
              }
            ],
            "shielded_instance_config": [
              {
                "enable_integrity_monitoring": true,
                "enable_secure_boot": false,
                "enable_vtpm": true
              }
            ],
            "tags": [
              "flask-app"
            ],
            "tags_fingerprint": "fA29wp4-1So=",
            "terraform_labels": {
              "goog-terraform-provisioned": "true"
            },
            "timeouts": null,
            "zone": "australia-southeast1-b"
          },
          "sensitive_attributes": [
            [
              {
                "type": "get_attr",
                "value": "boot_disk"
              },
              {
                "type": "index",
                "value": {
                  "value": 0,
                  "type": "number"
                }
              },
              {
                "type": "get_attr",
                "value": "disk_encryption_key_raw"
              }
            ],
            [
              {
                "type": "get_attr",
                "value": "boot_disk"
              },
              {
                "type": "index",
                "value": {
                  "value": 0,
                  "type": "number"
                }
              },
              {
                "type": "get_attr",
                "value": "disk_encryption_key_rsa"
              }
            ],
            [
              {
                "type": "get_attr",
                "value": "metadata"
              },
              {
                "type": "index",
                "value": {
                  "value": "WEATHER_API_KEY",
                  "type": "string"
                }
              }
            ]
          ],
          "identity_schema_version": 0,
          "private": "eyJlMmJmYjczMC1lY2FhLTExZTYtOGY4OC0zNDM2M2JjN2M0YzAiOnsiY3JlYXRlIjoxMjAwMDAwMDAwMDAwLCJkZWxldGUiOjEyMDAwMDAwMDAwMDAsInVwZGF0ZSI6MTIwMDAwMDAwMDAwMH0sInNjaGVtYV92ZXJzaW9uIjoiNiJ9"
        }
      ]
    },
    {
      "mode": "managed",
      "type": "google_pubsub_subscription",
      "name": "iaac_test2_sub",
      "provider": "provider[\"registry.terraform.io/hashicorp/google\"]",
      "instances": [
        {
          "schema_version": 0,
          "attributes": {
            "ack_deadline_seconds": 10,
            "bigquery_config": [],
            "cloud_storage_config": [],
            "dead_letter_policy": [],
            "effective_labels": {
              "goog-terraform-provisioned": "true"
            },
            "enable_exactly_once_delivery": false,
            "enable_message_ordering": false,
            "expiration_policy": [
              {
                "ttl": "2678400s"
              }
            ],
            "filter": "",
            "id": "projects/true-area-464010-j9/subscriptions/iaac-topic-sub",
            "labels": null,
            "message_retention_duration": "604800s",
            "message_transforms": [],
            "name": "iaac-topic-sub",
            "project": "true-area-464010-j9",
            "push_config": [],
            "retain_acked_messages": false,
            "retry_policy": [],
            "terraform_labels": {
              "goog-terraform-provisioned": "true"
            },
            "timeouts": null,
            "topic": "projects/true-area-464010-j9/topics/iaac-topic"
          },
          "sensitive_attributes": [],
          "identity_schema_version": 0,
          "private": "eyJlMmJmYjczMC1lY2FhLTExZTYtOGY4OC0zNDM2M2JjN2M0YzAiOnsiY3JlYXRlIjoxMjAwMDAwMDAwMDAwLCJkZWxldGUiOjEyMDAwMDAwMDAwMDAsInVwZGF0ZSI6MTIwMDAwMDAwMDAwMH19",
          "dependencies": [
            "google_pubsub_topic.iaac_test2"
          ]
        }
      ]
    },
    {
      "mode": "managed",
      "type": "google_pubsub_topic",
      "name": "iaac_test2",
      "provider": "provider[\"registry.terraform.io/hashicorp/google\"]",
      "instances": [
        {
          "schema_version": 0,
          "attributes": {
            "effective_labels": {
              "goog-terraform-provisioned": "true"
            },
            "id": "projects/true-area-464010-j9/topics/iaac-topic",
            "ingestion_data_source_settings": [],
            "kms_key_name": "",
            "labels": null,
            "message_retention_duration": "",
            "message_storage_policy": [],
            "message_transforms": [],
            "name": "iaac-topic",
            "project": "true-area-464010-j9",
            "schema_settings": [],
            "terraform_labels": {
              "goog-terraform-provisioned": "true"
            },
            "timeouts": null
          },
          "sensitive_attributes": [],
          "identity_schema_version": 0,
          "private": "eyJlMmJmYjczMC1lY2FhLTExZTYtOGY4OC0zNDM2M2JjN2M0YzAiOnsiY3JlYXRlIjoxMjAwMDAwMDAwMDAwLCJkZWxldGUiOjEyMDAwMDAwMDAwMDAsInVwZGF0ZSI6MTIwMDAwMDAwMDAwMH19"
        }
      ]
    }
  ],
  "check_results": null
}
